
Microsoft Visual Studio Solution File, Format Version 12.00
# Visual Studio 14
VisualStudioVersion = 14.0.23107.0
MinimumVisualStudioVersion = 10.0.40219.1
Project("{FAE04EC0-301F-11D3-BF4B-00C04F79EFBC}") = "Internationalization", "Internationalization\Internationalization\Internationalization.csproj", "{B995D825-D1B4-463F-8096-07CBA578D0BD}"
EndProject
Project("{FAE04EC0-301F-11D3-BF4B-00C04F79EFBC}") = "Internationalization.Droid", "Internationalization\Internationalization.Droid\Internationalization.Droid.csproj", "{26EF0636-8601-4ED7-A8A8-044C41C2AA6D}"
EndProject
Project("{FAE04EC0-301F-11D3-BF4B-00C04F79EFBC}") = "Internationalization.iOS", "Internationalization\Internationalization.iOS\Internationalization.iOS.csproj", "{54A0293E-493F-46B4-B5B2-8363032DFC99}"
EndProject
Project("{FAE04EC0-301F-11D3-BF4B-00C04F79EFBC}") = "Internationalization.WinPhone", "Internationalization\Internationalization.WinPhone\Internationalization.WinPhone.csproj", "{8E0572AA-B588-404F-A67F-5DC646A22B3C}"
EndProject
Project("{FAE04EC0-301F-11D3-BF4B-00C04F79EFBC}") = "Internationalization.Windows", "Internationalization\Internationalization.Windows\Internationalization.Windows.csproj", "{7A749BA0-A823-4BB6-9F6E-2388EF9B5330}"
EndProject
Global
	GlobalSection(SolutionConfigurationPlatforms) = preSolution
		Ad-Hoc|Any CPU = Ad-Hoc|Any CPU
		Ad-Hoc|ARM = Ad-Hoc|ARM
		Ad-Hoc|iPhone = Ad-Hoc|iPhone
		Ad-Hoc|iPhoneSimulator = Ad-Hoc|iPhoneSimulator
		Ad-Hoc|x64 = Ad-Hoc|x64
		Ad-Hoc|x86 = Ad-Hoc|x86
		AppStore|Any CPU = AppStore|Any CPU
		AppStore|ARM = AppStore|ARM
		AppStore|iPhone = AppStore|iPhone
		AppStore|iPhoneSimulator = AppStore|iPhoneSimulator
		AppStore|x64 = AppStore|x64
		AppStore|x86 = AppStore|x86
		Debug|Any CPU = Debug|Any CPU
		Debug|ARM = Debug|ARM
		Debug|iPhone = Debug|iPhone
		Debug|iPhoneSimulator = Debug|iPhoneSimulator
		Debug|x64 = Debug|x64
		Debug|x86 = Debug|x86
		Release|Any CPU = Release|Any CPU
		Release|ARM = Release|ARM
		Release|iPhone = Release|iPhone
		Release|iPhoneSimulator = Release|iPhoneSimulator
		Release|x64 = Release|x64
		Release|x86 = Release|x86
	EndGlobalSection
	GlobalSection(ProjectConfigurationPlatforms) = postSolution
		{B995D825-D1B4-463F-8096-07CBA578D0BD}.Ad-Hoc|Any CPU.ActiveCfg = Release|Any CPU
		{B995D825-D1B4-463F-8096-07CBA578D0BD}.Ad-Hoc|Any CPU.Build.0 = Release|Any CPU
		{B995D825-D1B4-463F-8096-07CBA578D0BD}.Ad-Hoc|ARM.ActiveCfg = Release|Any CPU
		{B995D825-D1B4-463F-8096-07CBA578D0BD}.Ad-Hoc|ARM.Build.0 = Release|Any CPU
		{B995D825-D1B4-463F-8096-07CBA578D0BD}.Ad-Hoc|iPhone.ActiveCfg = Release|Any CPU
		{B995D825-D1B4-463F-8096-07CBA578D0BD}.Ad-Hoc|iPhone.Build.0 = Release|Any CPU
		{B995D825-D1B4-463F-8096-07CBA578D0BD}.Ad-Hoc|iPhoneSimulator.ActiveCfg = Release|Any CPU
		{B995D825-D1B4-463F-8096-07CBA578D0BD}.Ad-Hoc|iPhoneSimulator.Build.0 = Release|Any CPU
		{B995D825-D1B4-463F-8096-07CBA578D0BD}.Ad-Hoc|x64.ActiveCfg = Release|Any CPU
		{B995D825-D1B4-463F-8096-07CBA578D0BD}.Ad-Hoc|x64.Build.0 = Release|Any CPU
		{B995D825-D1B4-463F-8096-07CBA578D0BD}.Ad-Hoc|x86.ActiveCfg = Release|Any CPU
		{B995D825-D1B4-463F-8096-07CBA578D0BD}.Ad-Hoc|x86.Build.0 = Release|Any CPU
		{B995D825-D1B4-463F-8096-07CBA578D0BD}.AppStore|Any CPU.ActiveCfg = Release|Any CPU
		{B995D825-D1B4-463F-8096-07CBA578D0BD}.AppStore|Any CPU.Build.0 = Release|Any CPU
		{B995D825-D1B4-463F-8096-07CBA578D0BD}.AppStore|ARM.ActiveCfg = Release|Any CPU
		{B995D825-D1B4-463F-8096-07CBA578D0BD}.AppStore|ARM.Build.0 = Release|Any CPU
		{B995D825-D1B4-463F-8096-07CBA578D0BD}.AppStore|iPhone.ActiveCfg = Release|Any CPU
		{B995D825-D1B4-463F-8096-07CBA578D0BD}.AppStore|iPhone.Build.0 = Release|Any CPU
		{B995D825-D1B4-463F-8096-07CBA578D0BD}.AppStore|iPhoneSimulator.ActiveCfg = Release|Any CPU
		{B995D825-D1B4-463F-8096-07CBA578D0BD}.AppStore|iPhoneSimulator.Build.0 = Release|Any CPU
		{B995D825-D1B4-463F-8096-07CBA578D0BD}.AppStore|x64.ActiveCfg = Release|Any CPU
		{B995D825-D1B4-463F-8096-07CBA578D0BD}.AppStore|x64.Build.0 = Release|Any CPU
		{B995D825-D1B4-463F-8096-07CBA578D0BD}.AppStore|x86.ActiveCfg = Release|Any CPU
		{B995D825-D1B4-463F-8096-07CBA578D0BD}.AppStore|x86.Build.0 = Release|Any CPU
		{B995D825-D1B4-463F-8096-07CBA578D0BD}.Debug|Any CPU.ActiveCfg = Debug|Any CPU
		{B995D825-D1B4-463F-8096-07CBA578D0BD}.Debug|Any CPU.Build.0 = Debug|Any CPU
		{B995D825-D1B4-463F-8096-07CBA578D0BD}.Debug|ARM.ActiveCfg = Debug|Any CPU
		{B995D825-D1B4-463F-8096-07CBA578D0BD}.Debug|ARM.Build.0 = Debug|Any CPU
		{B995D825-D1B4-463F-8096-07CBA578D0BD}.Debug|iPhone.ActiveCfg = Debug|Any CPU
		{B995D825-D1B4-463F-8096-07CBA578D0BD}.Debug|iPhone.Build.0 = Debug|Any CPU
		{B995D825-D1B4-463F-8096-07CBA578D0BD}.Debug|iPhoneSimulator.ActiveCfg = Debug|Any CPU
		{B995D825-D1B4-463F-8096-07CBA578D0BD}.Debug|iPhoneSimulator.Build.0 = Debug|Any CPU
		{B995D825-D1B4-463F-8096-07CBA578D0BD}.Debug|x64.ActiveCfg = Debug|Any CPU
		{B995D825-D1B4-463F-8096-07CBA578D0BD}.Debug|x64.Build.0 = Debug|Any CPU
		{B995D825-D1B4-463F-8096-07CBA578D0BD}.Debug|x86.ActiveCfg = Debug|Any CPU
		{B995D825-D1B4-463F-8096-07CBA578D0BD}.Debug|x86.Build.0 = Debug|Any CPU
		{B995D825-D1B4-463F-8096-07CBA578D0BD}.Release|Any CPU.ActiveCfg = Release|Any CPU
		{B995D825-D1B4-463F-8096-07CBA578D0BD}.Release|Any CPU.Build.0 = Release|Any CPU
		{B995D825-D1B4-463F-8096-07CBA578D0BD}.Release|ARM.ActiveCfg = Release|Any CPU
		{B995D825-D1B4-463F-8096-07CBA578D0BD}.Release|ARM.Build.0 = Release|Any CPU
		{B995D825-D1B4-463F-8096-07CBA578D0BD}.Release|iPhone.ActiveCfg = Release|Any CPU
		{B995D825-D1B4-463F-8096-07CBA578D0BD}.Release|iPhone.Build.0 = Release|Any CPU
		{B995D825-D1B4-463F-8096-07CBA578D0BD}.Release|iPhoneSimulator.ActiveCfg = Release|Any CPU
		{B995D825-D1B4-463F-8096-07CBA578D0BD}.Release|iPhoneSimulator.Build.0 = Release|Any CPU
		{B995D825-D1B4-463F-8096-07CBA578D0BD}.Release|x64.ActiveCfg = Release|Any CPU
		{B995D825-D1B4-463F-8096-07CBA578D0BD}.Release|x64.Build.0 = Release|Any CPU
		{B995D825-D1B4-463F-8096-07CBA578D0BD}.Release|x86.ActiveCfg = Release|Any CPU
		{B995D825-D1B4-463F-8096-07CBA578D0BD}.Release|x86.Build.0 = Release|Any CPU
		{26EF0636-8601-4ED7-A8A8-044C41C2AA6D}.Ad-Hoc|Any CPU.ActiveCfg = Release|Any CPU
		{26EF0636-8601-4ED7-A8A8-044C41C2AA6D}.Ad-Hoc|Any CPU.Build.0 = Release|Any CPU
		{26EF0636-8601-4ED7-A8A8-044C41C2AA6D}.Ad-Hoc|Any CPU.Deploy.0 = Release|Any CPU
		{26EF0636-8601-4ED7-A8A8-044C41C2AA6D}.Ad-Hoc|ARM.ActiveCfg = Release|Any CPU
		{26EF0636-8601-4ED7-A8A8-044C41C2AA6D}.Ad-Hoc|ARM.Build.0 = Release|Any CPU
		{26EF0636-8601-4ED7-A8A8-044C41C2AA6D}.Ad-Hoc|ARM.Deploy.0 = Release|Any CPU
		{26EF0636-8601-4ED7-A8A8-044C41C2AA6D}.Ad-Hoc|iPhone.ActiveCfg = Release|Any CPU
		{26EF0636-8601-4ED7-A8A8-044C41C2AA6D}.Ad-Hoc|iPhone.Build.0 = Release|Any CPU
		{26EF0636-8601-4ED7-A8A8-044C41C2AA6D}.Ad-Hoc|iPhone.Deploy.0 = Release|Any CPU
		{26EF0636-8601-4ED7-A8A8-044C41C2AA6D}.Ad-Hoc|iPhoneSimulator.ActiveCfg = Release|Any CPU
		{26EF0636-8601-4ED7-A8A8-044C41C2AA6D}.Ad-Hoc|iPhoneSimulator.Build.0 = Release|Any CPU
		{26EF0636-8601-4ED7-A8A8-044C41C2AA6D}.Ad-Hoc|iPhoneSimulator.Deploy.0 = Release|Any CPU
		{26EF0636-8601-4ED7-A8A8-044C41C2AA6D}.Ad-Hoc|x64.ActiveCfg = Release|Any CPU
		{26EF0636-8601-4ED7-A8A8-044C41C2AA6D}.Ad-Hoc|x64.Build.0 = Release|Any CPU
		{26EF0636-8601-4ED7-A8A8-044C41C2AA6D}.Ad-Hoc|x64.Deploy.0 = Release|Any CPU
		{26EF0636-8601-4ED7-A8A8-044C41C2AA6D}.Ad-Hoc|x86.ActiveCfg = Release|Any CPU
		{26EF0636-8601-4ED7-A8A8-044C41C2AA6D}.Ad-Hoc|x86.Build.0 = Release|Any CPU
		{26EF0636-8601-4ED7-A8A8-044C41C2AA6D}.Ad-Hoc|x86.Deploy.0 = Release|Any CPU
		{26EF0636-8601-4ED7-A8A8-044C41C2AA6D}.AppStore|Any CPU.ActiveCfg = Release|Any CPU
		{26EF0636-8601-4ED7-A8A8-044C41C2AA6D}.AppStore|Any CPU.Build.0 = Release|Any CPU
		{26EF0636-8601-4ED7-A8A8-044C41C2AA6D}.AppStore|Any CPU.Deploy.0 = Release|Any CPU
		{26EF0636-8601-4ED7-A8A8-044C41C2AA6D}.AppStore|ARM.ActiveCfg = Release|Any CPU
		{26EF0636-8601-4ED7-A8A8-044C41C2AA6D}.AppStore|ARM.Build.0 = Release|Any CPU
		{26EF0636-8601-4ED7-A8A8-044C41C2AA6D}.AppStore|ARM.Deploy.0 = Release|Any CPU
		{26EF0636-8601-4ED7-A8A8-044C41C2AA6D}.AppStore|iPhone.ActiveCfg = Release|Any CPU
		{26EF0636-8601-4ED7-A8A8-044C41C2AA6D}.AppStore|iPhone.Build.0 = Release|Any CPU
		{26EF0636-8601-4ED7-A8A8-044C41C2AA6D}.AppStore|iPhone.Deploy.0 = Release|Any CPU
		{26EF0636-8601-4ED7-A8A8-044C41C2AA6D}.AppStore|iPhoneSimulator.ActiveCfg = Release|Any CPU
		{26EF0636-8601-4ED7-A8A8-044C41C2AA6D}.AppStore|iPhoneSimulator.Build.0 = Release|Any CPU
		{26EF0636-8601-4ED7-A8A8-044C41C2AA6D}.AppStore|iPhoneSimulator.Deploy.0 = Release|Any CPU
		{26EF0636-8601-4ED7-A8A8-044C41C2AA6D}.AppStore|x64.ActiveCfg = Release|Any CPU
		{26EF0636-8601-4ED7-A8A8-044C41C2AA6D}.AppStore|x64.Build.0 = Release|Any CPU
		{26EF0636-8601-4ED7-A8A8-044C41C2AA6D}.AppStore|x64.Deploy.0 = Release|Any CPU
		{26EF0636-8601-4ED7-A8A8-044C41C2AA6D}.AppStore|x86.ActiveCfg = Release|Any CPU
		{26EF0636-8601-4ED7-A8A8-044C41C2AA6D}.AppStore|x86.Build.0 = Release|Any CPU
		{26EF0636-8601-4ED7-A8A8-044C41C2AA6D}.AppStore|x86.Deploy.0 = Release|Any CPU
		{26EF0636-8601-4ED7-A8A8-044C41C2AA6D}.Debug|Any CPU.ActiveCfg = Debug|Any CPU
		{26EF0636-8601-4ED7-A8A8-044C41C2AA6D}.Debug|Any CPU.Build.0 = Debug|Any CPU
		{26EF0636-8601-4ED7-A8A8-044C41C2AA6D}.Debug|Any CPU.Deploy.0 = Debug|Any CPU
		{26EF0636-8601-4ED7-A8A8-044C41C2AA6D}.Debug|ARM.ActiveCfg = Debug|Any CPU
		{26EF0636-8601-4ED7-A8A8-044C41C2AA6D}.Debug|ARM.Build.0 = Debug|Any CPU
		{26EF0636-8601-4ED7-A8A8-044C41C2AA6D}.Debug|ARM.Deploy.0 = Debug|Any CPU
		{26EF0636-8601-4ED7-A8A8-044C41C2AA6D}.Debug|iPhone.ActiveCfg = Debug|Any CPU
		{26EF0636-8601-4ED7-A8A8-044C41C2AA6D}.Debug|iPhone.Build.0 = Debug|Any CPU
		{26EF0636-8601-4ED7-A8A8-044C41C2AA6D}.Debug|iPhone.Deploy.0 = Debug|Any CPU
		{26EF0636-8601-4ED7-A8A8-044C41C2AA6D}.Debug|iPhoneSimulator.ActiveCfg = Debug|Any CPU
		{26EF0636-8601-4ED7-A8A8-044C41C2AA6D}.Debug|iPhoneSimulator.Build.0 = Debug|Any CPU
		{26EF0636-8601-4ED7-A8A8-044C41C2AA6D}.Debug|iPhoneSimulator.Deploy.0 = Debug|Any CPU
		{26EF0636-8601-4ED7-A8A8-044C41C2AA6D}.Debug|x64.ActiveCfg = Debug|Any CPU
		{26EF0636-8601-4ED7-A8A8-044C41C2AA6D}.Debug|x64.Build.0 = Debug|Any CPU
		{26EF0636-8601-4ED7-A8A8-044C41C2AA6D}.Debug|x64.Deploy.0 = Debug|Any CPU
		{26EF0636-8601-4ED7-A8A8-044C41C2AA6D}.Debug|x86.ActiveCfg = Debug|Any CPU
		{26EF0636-8601-4ED7-A8A8-044C41C2AA6D}.Debug|x86.Build.0 = Debug|Any CPU
		{26EF0636-8601-4ED7-A8A8-044C41C2AA6D}.Debug|x86.Deploy.0 = Debug|Any CPU
		{26EF0636-8601-4ED7-A8A8-044C41C2AA6D}.Release|Any CPU.ActiveCfg = Release|Any CPU
		{26EF0636-8601-4ED7-A8A8-044C41C2AA6D}.Release|Any CPU.Build.0 = Release|Any CPU
		{26EF0636-8601-4ED7-A8A8-044C41C2AA6D}.Release|Any CPU.Deploy.0 = Release|Any CPU
		{26EF0636-8601-4ED7-A8A8-044C41C2AA6D}.Release|ARM.ActiveCfg = Release|Any CPU
		{26EF0636-8601-4ED7-A8A8-044C41C2AA6D}.Release|ARM.Build.0 = Release|Any CPU
		{26EF0636-8601-4ED7-A8A8-044C41C2AA6D}.Release|ARM.Deploy.0 = Release|Any CPU
		{26EF0636-8601-4ED7-A8A8-044C41C2AA6D}.Release|iPhone.ActiveCfg = Release|Any CPU
		{26EF0636-8601-4ED7-A8A8-044C41C2AA6D}.Release|iPhone.Build.0 = Release|Any CPU
		{26EF0636-8601-4ED7-A8A8-044C41C2AA6D}.Release|iPhone.Deploy.0 = Release|Any CPU
		{26EF0636-8601-4ED7-A8A8-044C41C2AA6D}.Release|iPhoneSimulator.ActiveCfg = Release|Any CPU
		{26EF0636-8601-4ED7-A8A8-044C41C2AA6D}.Release|iPhoneSimulator.Build.0 = Release|Any CPU
		{26EF0636-8601-4ED7-A8A8-044C41C2AA6D}.Release|iPhoneSimulator.Deploy.0 = Release|Any CPU
		{26EF0636-8601-4ED7-A8A8-044C41C2AA6D}.Release|x64.ActiveCfg = Release|Any CPU
		{26EF0636-8601-4ED7-A8A8-044C41C2AA6D}.Release|x64.Build.0 = Release|Any CPU
		{26EF0636-8601-4ED7-A8A8-044C41C2AA6D}.Release|x64.Deploy.0 = Release|Any CPU
		{26EF0636-8601-4ED7-A8A8-044C41C2AA6D}.Release|x86.ActiveCfg = Release|Any CPU
		{26EF0636-8601-4ED7-A8A8-044C41C2AA6D}.Release|x86.Build.0 = Release|Any CPU
		{26EF0636-8601-4ED7-A8A8-044C41C2AA6D}.Release|x86.Deploy.0 = Release|Any CPU
		{54A0293E-493F-46B4-B5B2-8363032DFC99}.Ad-Hoc|Any CPU.ActiveCfg = Ad-Hoc|iPhone
		{54A0293E-493F-46B4-B5B2-8363032DFC99}.Ad-Hoc|ARM.ActiveCfg = Ad-Hoc|iPhone
		{54A0293E-493F-46B4-B5B2-8363032DFC99}.Ad-Hoc|iPhone.ActiveCfg = Ad-Hoc|iPhone
		{54A0293E-493F-46B4-B5B2-8363032DFC99}.Ad-Hoc|iPhone.Build.0 = Ad-Hoc|iPhone
		{54A0293E-493F-46B4-B5B2-8363032DFC99}.Ad-Hoc|iPhoneSimulator.ActiveCfg = Ad-Hoc|iPhoneSimulator
		{54A0293E-493F-46B4-B5B2-8363032DFC99}.Ad-Hoc|iPhoneSimulator.Build.0 = Ad-Hoc|iPhoneSimulator
		{54A0293E-493F-46B4-B5B2-8363032DFC99}.Ad-Hoc|x64.ActiveCfg = Ad-Hoc|iPhone
		{54A0293E-493F-46B4-B5B2-8363032DFC99}.Ad-Hoc|x86.ActiveCfg = Ad-Hoc|iPhone
		{54A0293E-493F-46B4-B5B2-8363032DFC99}.AppStore|Any CPU.ActiveCfg = AppStore|iPhone
		{54A0293E-493F-46B4-B5B2-8363032DFC99}.AppStore|ARM.ActiveCfg = AppStore|iPhone
		{54A0293E-493F-46B4-B5B2-8363032DFC99}.AppStore|iPhone.ActiveCfg = AppStore|iPhone
		{54A0293E-493F-46B4-B5B2-8363032DFC99}.AppStore|iPhone.Build.0 = AppStore|iPhone
		{54A0293E-493F-46B4-B5B2-8363032DFC99}.AppStore|iPhoneSimulator.ActiveCfg = AppStore|iPhoneSimulator
		{54A0293E-493F-46B4-B5B2-8363032DFC99}.AppStore|iPhoneSimulator.Build.0 = AppStore|iPhoneSimulator
		{54A0293E-493F-46B4-B5B2-8363032DFC99}.AppStore|x64.ActiveCfg = AppStore|iPhone
		{54A0293E-493F-46B4-B5B2-8363032DFC99}.AppStore|x86.ActiveCfg = AppStore|iPhone
		{54A0293E-493F-46B4-B5B2-8363032DFC99}.Debug|Any CPU.ActiveCfg = Debug|iPhone
		{54A0293E-493F-46B4-B5B2-8363032DFC99}.Debug|ARM.ActiveCfg = Debug|iPhone
		{54A0293E-493F-46B4-B5B2-8363032DFC99}.Debug|iPhone.ActiveCfg = Debug|iPhone
		{54A0293E-493F-46B4-B5B2-8363032DFC99}.Debug|iPhone.Build.0 = Debug|iPhone
		{54A0293E-493F-46B4-B5B2-8363032DFC99}.Debug|iPhoneSimulator.ActiveCfg = Debug|iPhoneSimulator
		{54A0293E-493F-46B4-B5B2-8363032DFC99}.Debug|iPhoneSimulator.Build.0 = Debug|iPhoneSimulator
		{54A0293E-493F-46B4-B5B2-8363032DFC99}.Debug|x64.ActiveCfg = Debug|iPhone
		{54A0293E-493F-46B4-B5B2-8363032DFC99}.Debug|x86.ActiveCfg = Debug|iPhone
		{54A0293E-493F-46B4-B5B2-8363032DFC99}.Release|Any CPU.ActiveCfg = Release|iPhone
		{54A0293E-493F-46B4-B5B2-8363032DFC99}.Release|ARM.ActiveCfg = Release|iPhone
		{54A0293E-493F-46B4-B5B2-8363032DFC99}.Release|iPhone.ActiveCfg = Release|iPhone
		{54A0293E-493F-46B4-B5B2-8363032DFC99}.Release|iPhone.Build.0 = Release|iPhone
		{54A0293E-493F-46B4-B5B2-8363032DFC99}.Release|iPhoneSimulator.ActiveCfg = Release|iPhoneSimulator
		{54A0293E-493F-46B4-B5B2-8363032DFC99}.Release|iPhoneSimulator.Build.0 = Release|iPhoneSimulator
		{54A0293E-493F-46B4-B5B2-8363032DFC99}.Release|x64.ActiveCfg = Release|iPhone
		{54A0293E-493F-46B4-B5B2-8363032DFC99}.Release|x86.ActiveCfg = Release|iPhone
		{8E0572AA-B588-404F-A67F-5DC646A22B3C}.Ad-Hoc|Any CPU.ActiveCfg = Release|Any CPU
		{8E0572AA-B588-404F-A67F-5DC646A22B3C}.Ad-Hoc|Any CPU.Build.0 = Release|Any CPU
		{8E0572AA-B588-404F-A67F-5DC646A22B3C}.Ad-Hoc|Any CPU.Deploy.0 = Release|Any CPU
		{8E0572AA-B588-404F-A67F-5DC646A22B3C}.Ad-Hoc|ARM.ActiveCfg = Release|ARM
		{8E0572AA-B588-404F-A67F-5DC646A22B3C}.Ad-Hoc|ARM.Build.0 = Release|ARM
		{8E0572AA-B588-404F-A67F-5DC646A22B3C}.Ad-Hoc|ARM.Deploy.0 = Release|ARM
		{8E0572AA-B588-404F-A67F-5DC646A22B3C}.Ad-Hoc|iPhone.ActiveCfg = Release|Any CPU
		{8E0572AA-B588-404F-A67F-5DC646A22B3C}.Ad-Hoc|iPhone.Build.0 = Release|Any CPU
		{8E0572AA-B588-404F-A67F-5DC646A22B3C}.Ad-Hoc|iPhone.Deploy.0 = Release|Any CPU
		{8E0572AA-B588-404F-A67F-5DC646A22B3C}.Ad-Hoc|iPhoneSimulator.ActiveCfg = Release|Any CPU
		{8E0572AA-B588-404F-A67F-5DC646A22B3C}.Ad-Hoc|iPhoneSimulator.Build.0 = Release|Any CPU
		{8E0572AA-B588-404F-A67F-5DC646A22B3C}.Ad-Hoc|iPhoneSimulator.Deploy.0 = Release|Any CPU
		{8E0572AA-B588-404F-A67F-5DC646A22B3C}.Ad-Hoc|x64.ActiveCfg = Release|Any CPU
		{8E0572AA-B588-404F-A67F-5DC646A22B3C}.Ad-Hoc|x64.Build.0 = Release|Any CPU
		{8E0572AA-B588-404F-A67F-5DC646A22B3C}.Ad-Hoc|x64.Deploy.0 = Release|Any CPU
		{8E0572AA-B588-404F-A67F-5DC646A22B3C}.Ad-Hoc|x86.ActiveCfg = Release|x86
		{8E0572AA-B588-404F-A67F-5DC646A22B3C}.Ad-Hoc|x86.Build.0 = Release|x86
		{8E0572AA-B588-404F-A67F-5DC646A22B3C}.Ad-Hoc|x86.Deploy.0 = Release|x86
		{8E0572AA-B588-404F-A67F-5DC646A22B3C}.AppStore|Any CPU.ActiveCfg = Release|Any CPU
		{8E0572AA-B588-404F-A67F-5DC646A22B3C}.AppStore|Any CPU.Build.0 = Release|Any CPU
		{8E0572AA-B588-404F-A67F-5DC646A22B3C}.AppStore|Any CPU.Deploy.0 = Release|Any CPU
		{8E0572AA-B588-404F-A67F-5DC646A22B3C}.AppStore|ARM.ActiveCfg = Release|ARM
		{8E0572AA-B588-404F-A67F-5DC646A22B3C}.AppStore|ARM.Build.0 = Release|ARM
		{8E0572AA-B588-404F-A67F-5DC646A22B3C}.AppStore|ARM.Deploy.0 = Release|ARM
		{8E0572AA-B588-404F-A67F-5DC646A22B3C}.AppStore|iPhone.ActiveCfg = Release|Any CPU
		{8E0572AA-B588-404F-A67F-5DC646A22B3C}.AppStore|iPhone.Build.0 = Release|Any CPU
		{8E0572AA-B588-404F-A67F-5DC646A22B3C}.AppStore|iPhone.Deploy.0 = Release|Any CPU
		{8E0572AA-B588-404F-A67F-5DC646A22B3C}.AppStore|iPhoneSimulator.ActiveCfg = Release|Any CPU
		{8E0572AA-B588-404F-A67F-5DC646A22B3C}.AppStore|iPhoneSimulator.Build.0 = Release|Any CPU
		{8E0572AA-B588-404F-A67F-5DC646A22B3C}.AppStore|iPhoneSimulator.Deploy.0 = Release|Any CPU
		{8E0572AA-B588-404F-A67F-5DC646A22B3C}.AppStore|x64.ActiveCfg = Release|Any CPU
		{8E0572AA-B588-404F-A67F-5DC646A22B3C}.AppStore|x64.Build.0 = Release|Any CPU
		{8E0572AA-B588-404F-A67F-5DC646A22B3C}.AppStore|x64.Deploy.0 = Release|Any CPU
		{8E0572AA-B588-404F-A67F-5DC646A22B3C}.AppStore|x86.ActiveCfg = Release|x86
		{8E0572AA-B588-404F-A67F-5DC646A22B3C}.AppStore|x86.Build.0 = Release|x86
		{8E0572AA-B588-404F-A67F-5DC646A22B3C}.AppStore|x86.Deploy.0 = Release|x86
		{8E0572AA-B588-404F-A67F-5DC646A22B3C}.Debug|Any CPU.ActiveCfg = Debug|Any CPU
		{8E0572AA-B588-404F-A67F-5DC646A22B3C}.Debug|Any CPU.Build.0 = Debug|Any CPU
		{8E0572AA-B588-404F-A67F-5DC646A22B3C}.Debug|Any CPU.Deploy.0 = Debug|Any CPU
		{8E0572AA-B588-404F-A67F-5DC646A22B3C}.Debug|ARM.ActiveCfg = Debug|ARM
		{8E0572AA-B588-404F-A67F-5DC646A22B3C}.Debug|ARM.Build.0 = Debug|ARM
		{8E0572AA-B588-404F-A67F-5DC646A22B3C}.Debug|ARM.Deploy.0 = Debug|ARM
		{8E0572AA-B588-404F-A67F-5DC646A22B3C}.Debug|iPhone.ActiveCfg = Debug|Any CPU
		{8E0572AA-B588-404F-A67F-5DC646A22B3C}.Debug|iPhone.Build.0 = Debug|Any CPU
		{8E0572AA-B588-404F-A67F-5DC646A22B3C}.Debug|iPhone.Deploy.0 = Debug|Any CPU
		{8E0572AA-B588-404F-A67F-5DC646A22B3C}.Debug|iPhoneSimulator.ActiveCfg = Debug|Any CPU
		{8E0572AA-B588-404F-A67F-5DC646A22B3C}.Debug|iPhoneSimulator.Build.0 = Debug|Any CPU
		{8E0572AA-B588-404F-A67F-5DC646A22B3C}.Debug|iPhoneSimulator.Deploy.0 = Debug|Any CPU
		{8E0572AA-B588-404F-A67F-5DC646A22B3C}.Debug|x64.ActiveCfg = Debug|Any CPU
		{8E0572AA-B588-404F-A67F-5DC646A22B3C}.Debug|x64.Build.0 = Debug|Any CPU
		{8E0572AA-B588-404F-A67F-5DC646A22B3C}.Debug|x64.Deploy.0 = Debug|Any CPU
		{8E0572AA-B588-404F-A67F-5DC646A22B3C}.Debug|x86.ActiveCfg = Debug|x86
		{8E0572AA-B588-404F-A67F-5DC646A22B3C}.Debug|x86.Build.0 = Debug|x86
		{8E0572AA-B588-404F-A67F-5DC646A22B3C}.Debug|x86.Deploy.0 = Debug|x86
		{8E0572AA-B588-404F-A67F-5DC646A22B3C}.Release|Any CPU.ActiveCfg = Release|Any CPU
		{8E0572AA-B588-404F-A67F-5DC646A22B3C}.Release|Any CPU.Build.0 = Release|Any CPU
		{8E0572AA-B588-404F-A67F-5DC646A22B3C}.Release|Any CPU.Deploy.0 = Release|Any CPU
		{8E0572AA-B588-404F-A67F-5DC646A22B3C}.Release|ARM.ActiveCfg = Release|ARM
		{8E0572AA-B588-404F-A67F-5DC646A22B3C}.Release|ARM.Build.0 = Release|ARM
		{8E0572AA-B588-404F-A67F-5DC646A22B3C}.Release|ARM.Deploy.0 = Release|ARM
		{8E0572AA-B588-404F-A67F-5DC646A22B3C}.Release|iPhone.ActiveCfg = Release|Any CPU
		{8E0572AA-B588-404F-A67F-5DC646A22B3C}.Release|iPhone.Build.0 = Release|Any CPU
		{8E0572AA-B588-404F-A67F-5DC646A22B3C}.Release|iPhone.Deploy.0 = Release|Any CPU
		{8E0572AA-B588-404F-A67F-5DC646A22B3C}.Release|iPhoneSimulator.ActiveCfg = Release|Any CPU
		{8E0572AA-B588-404F-A67F-5DC646A22B3C}.Release|iPhoneSimulator.Build.0 = Release|Any CPU
		{8E0572AA-B588-404F-A67F-5DC646A22B3C}.Release|iPhoneSimulator.Deploy.0 = Release|Any CPU
		{8E0572AA-B588-404F-A67F-5DC646A22B3C}.Release|x64.ActiveCfg = Release|Any CPU
		{8E0572AA-B588-404F-A67F-5DC646A22B3C}.Release|x64.Build.0 = Release|Any CPU
		{8E0572AA-B588-404F-A67F-5DC646A22B3C}.Release|x64.Deploy.0 = Release|Any CPU
		{8E0572AA-B588-404F-A67F-5DC646A22B3C}.Release|x86.ActiveCfg = Release|x86
		{8E0572AA-B588-404F-A67F-5DC646A22B3C}.Release|x86.Build.0 = Release|x86
		{8E0572AA-B588-404F-A67F-5DC646A22B3C}.Release|x86.Deploy.0 = Release|x86
		{7A749BA0-A823-4BB6-9F6E-2388EF9B5330}.Ad-Hoc|Any CPU.ActiveCfg = Release|Any CPU
		{7A749BA0-A823-4BB6-9F6E-2388EF9B5330}.Ad-Hoc|Any CPU.Build.0 = Release|Any CPU
		{7A749BA0-A823-4BB6-9F6E-2388EF9B5330}.Ad-Hoc|Any CPU.Deploy.0 = Release|Any CPU
		{7A749BA0-A823-4BB6-9F6E-2388EF9B5330}.Ad-Hoc|ARM.ActiveCfg = Release|ARM
		{7A749BA0-A823-4BB6-9F6E-2388EF9B5330}.Ad-Hoc|ARM.Build.0 = Release|ARM
		{7A749BA0-A823-4BB6-9F6E-2388EF9B5330}.Ad-Hoc|ARM.Deploy.0 = Release|ARM
		{7A749BA0-A823-4BB6-9F6E-2388EF9B5330}.Ad-Hoc|iPhone.ActiveCfg = Release|Any CPU
		{7A749BA0-A823-4BB6-9F6E-2388EF9B5330}.Ad-Hoc|iPhone.Build.0 = Release|Any CPU
		{7A749BA0-A823-4BB6-9F6E-2388EF9B5330}.Ad-Hoc|iPhone.Deploy.0 = Release|Any CPU
		{7A749BA0-A823-4BB6-9F6E-2388EF9B5330}.Ad-Hoc|iPhoneSimulator.ActiveCfg = Release|Any CPU
		{7A749BA0-A823-4BB6-9F6E-2388EF9B5330}.Ad-Hoc|iPhoneSimulator.Build.0 = Release|Any CPU
		{7A749BA0-A823-4BB6-9F6E-2388EF9B5330}.Ad-Hoc|iPhoneSimulator.Deploy.0 = Release|Any CPU
		{7A749BA0-A823-4BB6-9F6E-2388EF9B5330}.Ad-Hoc|x64.ActiveCfg = Release|x64
		{7A749BA0-A823-4BB6-9F6E-2388EF9B5330}.Ad-Hoc|x64.Build.0 = Release|x64
		{7A749BA0-A823-4BB6-9F6E-2388EF9B5330}.Ad-Hoc|x64.Deploy.0 = Release|x64
		{7A749BA0-A823-4BB6-9F6E-2388EF9B5330}.Ad-Hoc|x86.ActiveCfg = Release|x86
		{7A749BA0-A823-4BB6-9F6E-2388EF9B5330}.Ad-Hoc|x86.Build.0 = Release|x86
		{7A749BA0-A823-4BB6-9F6E-2388EF9B5330}.Ad-Hoc|x86.Deploy.0 = Release|x86
		{7A749BA0-A823-4BB6-9F6E-2388EF9B5330}.AppStore|Any CPU.ActiveCfg = Release|Any CPU
		{7A749BA0-A823-4BB6-9F6E-2388EF9B5330}.AppStore|Any CPU.Build.0 = Release|Any CPU
		{7A749BA0-A823-4BB6-9F6E-2388EF9B5330}.AppStore|Any CPU.Deploy.0 = Release|Any CPU
		{7A749BA0-A823-4BB6-9F6E-2388EF9B5330}.AppStore|ARM.ActiveCfg = Release|ARM
		{7A749BA0-A823-4BB6-9F6E-2388EF9B5330}.AppStore|ARM.Build.0 = Release|ARM
		{7A749BA0-A823-4BB6-9F6E-2388EF9B5330}.AppStore|ARM.Deploy.0 = Release|ARM
		{7A749BA0-A823-4BB6-9F6E-2388EF9B5330}.AppStore|iPhone.ActiveCfg = Release|Any CPU
		{7A749BA0-A823-4BB6-9F6E-2388EF9B5330}.AppStore|iPhone.Build.0 = Release|Any CPU
		{7A749BA0-A823-4BB6-9F6E-2388EF9B5330}.AppStore|iPhone.Deploy.0 = Release|Any CPU
		{7A749BA0-A823-4BB6-9F6E-2388EF9B5330}.AppStore|iPhoneSimulator.ActiveCfg = Release|Any CPU
		{7A749BA0-A823-4BB6-9F6E-2388EF9B5330}.AppStore|iPhoneSimulator.Build.0 = Release|Any CPU
		{7A749BA0-A823-4BB6-9F6E-2388EF9B5330}.AppStore|iPhoneSimulator.Deploy.0 = Release|Any CPU
		{7A749BA0-A823-4BB6-9F6E-2388EF9B5330}.AppStore|x64.ActiveCfg = Release|x64
		{7A749BA0-A823-4BB6-9F6E-2388EF9B5330}.AppStore|x64.Build.0 = Release|x64
		{7A749BA0-A823-4BB6-9F6E-2388EF9B5330}.AppStore|x64.Deploy.0 = Release|x64
		{7A749BA0-A823-4BB6-9F6E-2388EF9B5330}.AppStore|x86.ActiveCfg = Release|x86
		{7A749BA0-A823-4BB6-9F6E-2388EF9B5330}.AppStore|x86.Build.0 = Release|x86
		{7A749BA0-A823-4BB6-9F6E-2388EF9B5330}.AppStore|x86.Deploy.0 = Release|x86
		{7A749BA0-A823-4BB6-9F6E-2388EF9B5330}.Debug|Any CPU.ActiveCfg = Debug|Any CPU
		{7A749BA0-A823-4BB6-9F6E-2388EF9B5330}.Debug|Any CPU.Build.0 = Debug|Any CPU
		{7A749BA0-A823-4BB6-9F6E-2388EF9B5330}.Debug|Any CPU.Deploy.0 = Debug|Any CPU
		{7A749BA0-A823-4BB6-9F6E-2388EF9B5330}.Debug|ARM.ActiveCfg = Debug|ARM
		{7A749BA0-A823-4BB6-9F6E-2388EF9B5330}.Debug|ARM.Build.0 = Debug|ARM
		{7A749BA0-A823-4BB6-9F6E-2388EF9B5330}.Debug|ARM.Deploy.0 = Debug|ARM
		{7A749BA0-A823-4BB6-9F6E-2388EF9B5330}.Debug|iPhone.ActiveCfg = Debug|Any CPU
		{7A749BA0-A823-4BB6-9F6E-2388EF9B5330}.Debug|iPhone.Build.0 = Debug|Any CPU
		{7A749BA0-A823-4BB6-9F6E-2388EF9B5330}.Debug|iPhone.Deploy.0 = Debug|Any CPU
		{7A749BA0-A823-4BB6-9F6E-2388EF9B5330}.Debug|iPhoneSimulator.ActiveCfg = Debug|Any CPU
		{7A749BA0-A823-4BB6-9F6E-2388EF9B5330}.Debug|iPhoneSimulator.Build.0 = Debug|Any CPU
		{7A749BA0-A823-4BB6-9F6E-2388EF9B5330}.Debug|iPhoneSimulator.Deploy.0 = Debug|Any CPU
		{7A749BA0-A823-4BB6-9F6E-2388EF9B5330}.Debug|x64.ActiveCfg = Debug|x64
		{7A749BA0-A823-4BB6-9F6E-2388EF9B5330}.Debug|x64.Build.0 = Debug|x64
		{7A749BA0-A823-4BB6-9F6E-2388EF9B5330}.Debug|x64.Deploy.0 = Debug|x64
		{7A749BA0-A823-4BB6-9F6E-2388EF9B5330}.Debug|x86.ActiveCfg = Debug|x86
		{7A749BA0-A823-4BB6-9F6E-2388EF9B5330}.Debug|x86.Build.0 = Debug|x86
		{7A749BA0-A823-4BB6-9F6E-2388EF9B5330}.Debug|x86.Deploy.0 = Debug|x86
		{7A749BA0-A823-4BB6-9F6E-2388EF9B5330}.Release|Any CPU.ActiveCfg = Release|Any CPU
		{7A749BA0-A823-4BB6-9F6E-2388EF9B5330}.Release|Any CPU.Build.0 = Release|Any CPU
		{7A749BA0-A823-4BB6-9F6E-2388EF9B5330}.Release|Any CPU.Deploy.0 = Release|Any CPU
		{7A749BA0-A823-4BB6-9F6E-2388EF9B5330}.Release|ARM.ActiveCfg = Release|ARM
		{7A749BA0-A823-4BB6-9F6E-2388EF9B5330}.Release|ARM.Build.0 = Release|ARM
		{7A749BA0-A823-4BB6-9F6E-2388EF9B5330}.Release|ARM.Deploy.0 = Release|ARM
		{7A749BA0-A823-4BB6-9F6E-2388EF9B5330}.Release|iPhone.ActiveCfg = Release|Any CPU
		{7A749BA0-A823-4BB6-9F6E-2388EF9B5330}.Release|iPhone.Build.0 = Release|Any CPU
		{7A749BA0-A823-4BB6-9F6E-2388EF9B5330}.Release|iPhone.Deploy.0 = Release|Any CPU
		{7A749BA0-A823-4BB6-9F6E-2388EF9B5330}.Release|iPhoneSimulator.ActiveCfg = Release|Any CPU
		{7A749BA0-A823-4BB6-9F6E-2388EF9B5330}.Release|iPhoneSimulator.Build.0 = Release|Any CPU
		{7A749BA0-A823-4BB6-9F6E-2388EF9B5330}.Release|iPhoneSimulator.Deploy.0 = Release|Any CPU
		{7A749BA0-A823-4BB6-9F6E-2388EF9B5330}.Release|x64.ActiveCfg = Release|x64
		{7A749BA0-A823-4BB6-9F6E-2388EF9B5330}.Release|x64.Build.0 = Release|x64
		{7A749BA0-A823-4BB6-9F6E-2388EF9B5330}.Release|x64.Deploy.0 = Release|x64
		{7A749BA0-A823-4BB6-9F6E-2388EF9B5330}.Release|x86.ActiveCfg = Release|x86
		{7A749BA0-A823-4BB6-9F6E-2388EF9B5330}.Release|x86.Build.0 = Release|x86
		{7A749BA0-A823-4BB6-9F6E-2388EF9B5330}.Release|x86.Deploy.0 = Release|x86
	EndGlobalSection
	GlobalSection(SolutionProperties) = preSolution
		HideSolutionNode = FALSE
	EndGlobalSection
EndGlobal
